
Microsoft Visual Studio Solution File, Format Version 12.00
# Visual Studio 2012
Project("{2150E333-8FDC-42A3-9474-1A3956D46DE8}") = "UnitTests", "UnitTests", "{3A2790D4-61CE-4954-9CA7-899B2A6B4EBF}"
EndProject
Project("{2150E333-8FDC-42A3-9474-1A3956D46DE8}") = "Engine", "Engine", "{DFFE063A-5795-4D34-B4B4-16B1E7B44113}"
EndProject
Project("{8BC9CEB8-8B4A-11D0-8D11-00A0C91BC942}") = "3DGE", "Src\3DGE\3DGE.vcxproj", "{DE2A517C-2C12-4596-97C9-5E22EC96655C}"
EndProject
Project("{8BC9CEB8-8B4A-11D0-8D11-00A0C91BC942}") = "Test1Patch", "Src\Test1Patch\Test1Patch.vcxproj", "{4C144C6B-D546-438A-8509-E3B9CB603779}"
EndProject
Project("{8BC9CEB8-8B4A-11D0-8D11-00A0C91BC942}") = "Test2Input", "Src\Test2Input\Test2Input.vcxproj", "{9BB2879C-9069-42DA-8159-748FDCB7095A}"
EndProject
Project("{8BC9CEB8-8B4A-11D0-8D11-00A0C91BC942}") = "Test3Camera", "Src\Test3Camera\Test3Camera.vcxproj", "{F5229D0C-34BB-4862-B878-CAB70894A1DC}"
EndProject
Project("{8BC9CEB8-8B4A-11D0-8D11-00A0C91BC942}") = "Test4Patch", "Src\Test4Patch\Test4Patch.vcxproj", "{18746A69-3534-4E4D-A78C-AEEA7CA1E83E}"
EndProject
Global
	GlobalSection(SolutionConfigurationPlatforms) = preSolution
		Debug|Win32 = Debug|Win32
		Release|Win32 = Release|Win32
	EndGlobalSection
	GlobalSection(ProjectConfigurationPlatforms) = postSolution
		{DE2A517C-2C12-4596-97C9-5E22EC96655C}.Debug|Win32.ActiveCfg = Debug|Win32
		{DE2A517C-2C12-4596-97C9-5E22EC96655C}.Debug|Win32.Build.0 = Debug|Win32
		{DE2A517C-2C12-4596-97C9-5E22EC96655C}.Release|Win32.ActiveCfg = Release|Win32
		{DE2A517C-2C12-4596-97C9-5E22EC96655C}.Release|Win32.Build.0 = Release|Win32
		{4C144C6B-D546-438A-8509-E3B9CB603779}.Debug|Win32.ActiveCfg = Debug|Win32
		{4C144C6B-D546-438A-8509-E3B9CB603779}.Debug|Win32.Build.0 = Debug|Win32
		{4C144C6B-D546-438A-8509-E3B9CB603779}.Release|Win32.ActiveCfg = Release|Win32
		{4C144C6B-D546-438A-8509-E3B9CB603779}.Release|Win32.Build.0 = Release|Win32
		{9BB2879C-9069-42DA-8159-748FDCB7095A}.Debug|Win32.ActiveCfg = Debug|Win32
		{9BB2879C-9069-42DA-8159-748FDCB7095A}.Debug|Win32.Build.0 = Debug|Win32
		{9BB2879C-9069-42DA-8159-748FDCB7095A}.Release|Win32.ActiveCfg = Release|Win32
		{9BB2879C-9069-42DA-8159-748FDCB7095A}.Release|Win32.Build.0 = Release|Win32
		{F5229D0C-34BB-4862-B878-CAB70894A1DC}.Debug|Win32.ActiveCfg = Debug|Win32
		{F5229D0C-34BB-4862-B878-CAB70894A1DC}.Debug|Win32.Build.0 = Debug|Win32
		{F5229D0C-34BB-4862-B878-CAB70894A1DC}.Release|Win32.ActiveCfg = Release|Win32
		{F5229D0C-34BB-4862-B878-CAB70894A1DC}.Release|Win32.Build.0 = Release|Win32
		{18746A69-3534-4E4D-A78C-AEEA7CA1E83E}.Debug|Win32.ActiveCfg = Debug|Win32
		{18746A69-3534-4E4D-A78C-AEEA7CA1E83E}.Debug|Win32.Build.0 = Debug|Win32
		{18746A69-3534-4E4D-A78C-AEEA7CA1E83E}.Release|Win32.ActiveCfg = Release|Win32
		{18746A69-3534-4E4D-A78C-AEEA7CA1E83E}.Release|Win32.Build.0 = Release|Win32
	EndGlobalSection
	GlobalSection(SolutionProperties) = preSolution
		HideSolutionNode = FALSE
	EndGlobalSection
	GlobalSection(NestedProjects) = preSolution
		{4C144C6B-D546-438A-8509-E3B9CB603779} = {3A2790D4-61CE-4954-9CA7-899B2A6B4EBF}
		{9BB2879C-9069-42DA-8159-748FDCB7095A} = {3A2790D4-61CE-4954-9CA7-899B2A6B4EBF}
		{F5229D0C-34BB-4862-B878-CAB70894A1DC} = {3A2790D4-61CE-4954-9CA7-899B2A6B4EBF}
		{18746A69-3534-4E4D-A78C-AEEA7CA1E83E} = {3A2790D4-61CE-4954-9CA7-899B2A6B4EBF}
		{DE2A517C-2C12-4596-97C9-5E22EC96655C} = {DFFE063A-5795-4D34-B4B4-16B1E7B44113}
	EndGlobalSection
EndGlobal
